Microsoft Visual Studio Solution File, Format Version 12.00
# Visual Studio Version 17
VisualStudioVersion = 17.0.31903.59
MinimumVisualStudioVersion = 10.0.40219.1
Project("{2150E333-8FDC-42A3-9474-1A3956D46DE8}") = "Microservices", "Microservices", "{1A3AD4AC-9128-4D71-85AB-3D7D2D48AE07}"
EndProject
Project("{2150E333-8FDC-42A3-9474-1A3956D46DE8}") = "Authentication", "Authentication", "{A4FBF4F3-4079-4AB2-9593-19932E424704}"
EndProject
Project("{FAE04EC0-301F-11D3-BF4B-00C04F79EFBC}") = "Authentication.API", "Microservices\Authentication\Authentication.API\Authentication.API.csproj", "{19AB6C95-2774-40DF-A768-003D40DDB83D}"
EndProject
Project("{2150E333-8FDC-42A3-9474-1A3956D46DE8}") = "CommonUtils", "CommonUtils", "{AC00A320-4393-4C53-BD0D-3374926E88EC}"
EndProject
Project("{FAE04EC0-301F-11D3-BF4B-00C04F79EFBC}") = "CommonUtils", "CommonUtils\CommonUtils\CommonUtils.csproj", "{36CF9646-5036-46AF-8F01-9DBEC72A5807}"
EndProject
Project("{2150E333-8FDC-42A3-9474-1A3956D46DE8}") = "Gateway", "Gateway", "{74288E95-FCA9-408C-B957-1F49315650CA}"
EndProject
Project("{FAE04EC0-301F-11D3-BF4B-00C04F79EFBC}") = "APIGateway", "Gateway\APIGateway\APIGateway.csproj", "{7A9DCD67-B2DD-42BF-8390-ACB6C9FB8D12}"
EndProject
Project("{2150E333-8FDC-42A3-9474-1A3956D46DE8}") = "ContentCreator", "ContentCreator", "{7D6D1ADA-400B-4C3A-928F-C4B133E86F1D}"
EndProject
Project("{FAE04EC0-301F-11D3-BF4B-00C04F79EFBC}") = "ContentCreator.API", "Microservices\ContentCreator\ContentCreator.API\ContentCreator.API.csproj", "{B8210910-6F72-41DD-9FDC-56BA4822BDEF}"
EndProject
Project("{FAE04EC0-301F-11D3-BF4B-00C04F79EFBC}") = "Library", "Library\Library.csproj", "{E38696A6-FC67-4100-9CFD-0F131C31C577}"
EndProject
Global
	GlobalSection(SolutionConfigurationPlatforms) = preSolution
		Debug|Any CPU = Debug|Any CPU
		Release|Any CPU = Release|Any CPU
	EndGlobalSection
	GlobalSection(ProjectConfigurationPlatforms) = postSolution
		{19AB6C95-2774-40DF-A768-003D40DDB83D}.Debug|Any CPU.ActiveCfg = Debug|Any CPU
		{19AB6C95-2774-40DF-A768-003D40DDB83D}.Debug|Any CPU.Build.0 = Debug|Any CPU
		{19AB6C95-2774-40DF-A768-003D40DDB83D}.Release|Any CPU.ActiveCfg = Release|Any CPU
		{19AB6C95-2774-40DF-A768-003D40DDB83D}.Release|Any CPU.Build.0 = Release|Any CPU
		{36CF9646-5036-46AF-8F01-9DBEC72A5807}.Debug|Any CPU.ActiveCfg = Debug|Any CPU
		{36CF9646-5036-46AF-8F01-9DBEC72A5807}.Debug|Any CPU.Build.0 = Debug|Any CPU
		{36CF9646-5036-46AF-8F01-9DBEC72A5807}.Release|Any CPU.ActiveCfg = Release|Any CPU
		{36CF9646-5036-46AF-8F01-9DBEC72A5807}.Release|Any CPU.Build.0 = Release|Any CPU
		{7A9DCD67-B2DD-42BF-8390-ACB6C9FB8D12}.Debug|Any CPU.ActiveCfg = Debug|Any CPU
		{7A9DCD67-B2DD-42BF-8390-ACB6C9FB8D12}.Debug|Any CPU.Build.0 = Debug|Any CPU
		{7A9DCD67-B2DD-42BF-8390-ACB6C9FB8D12}.Release|Any CPU.ActiveCfg = Release|Any CPU
		{7A9DCD67-B2DD-42BF-8390-ACB6C9FB8D12}.Release|Any CPU.Build.0 = Release|Any CPU
		{B8210910-6F72-41DD-9FDC-56BA4822BDEF}.Debug|Any CPU.ActiveCfg = Debug|Any CPU
		{B8210910-6F72-41DD-9FDC-56BA4822BDEF}.Debug|Any CPU.Build.0 = Debug|Any CPU
		{B8210910-6F72-41DD-9FDC-56BA4822BDEF}.Release|Any CPU.ActiveCfg = Release|Any CPU
		{B8210910-6F72-41DD-9FDC-56BA4822BDEF}.Release|Any CPU.Build.0 = Release|Any CPU
		{E38696A6-FC67-4100-9CFD-0F131C31C577}.Debug|Any CPU.ActiveCfg = Debug|Any CPU
		{E38696A6-FC67-4100-9CFD-0F131C31C577}.Debug|Any CPU.Build.0 = Debug|Any CPU
		{E38696A6-FC67-4100-9CFD-0F131C31C577}.Release|Any CPU.ActiveCfg = Release|Any CPU
		{E38696A6-FC67-4100-9CFD-0F131C31C577}.Release|Any CPU.Build.0 = Release|Any CPU
	EndGlobalSection
	GlobalSection(SolutionProperties) = preSolution
		HideSolutionNode = FALSE
	EndGlobalSection
	GlobalSection(NestedProjects) = preSolution
		{A4FBF4F3-4079-4AB2-9593-19932E424704} = {1A3AD4AC-9128-4D71-85AB-3D7D2D48AE07}
		{19AB6C95-2774-40DF-A768-003D40DDB83D} = {A4FBF4F3-4079-4AB2-9593-19932E424704}
		{36CF9646-5036-46AF-8F01-9DBEC72A5807} = {AC00A320-4393-4C53-BD0D-3374926E88EC}
		{7A9DCD67-B2DD-42BF-8390-ACB6C9FB8D12} = {74288E95-FCA9-408C-B957-1F49315650CA}
		{7D6D1ADA-400B-4C3A-928F-C4B133E86F1D} = {1A3AD4AC-9128-4D71-85AB-3D7D2D48AE07}
		{B8210910-6F72-41DD-9FDC-56BA4822BDEF} = {7D6D1ADA-400B-4C3A-928F-C4B133E86F1D}
	EndGlobalSection
EndGlobal
